
Microsoft Visual Studio Solution File, Format Version 12.00
# Visual Studio Version 16
VisualStudioVersion = 16.0.31515.178
MinimumVisualStudioVersion = 10.0.40219.1
Project("{FAE04EC0-301F-11D3-BF4B-00C04F79EFBC}") = "Interfaces05122021", "Interfaces05122021\Interfaces05122021.csproj", "{1EEAE731-5C63-4683-B96D-F98115298458}"
EndProject
Global
	GlobalSection(SolutionConfigurationPlatforms) = preSolution
		Debug|Any CPU = Debug|Any CPU
		Release|Any CPU = Release|Any CPU
	EndGlobalSection
	GlobalSection(ProjectConfigurationPlatforms) = postSolution
		{1EEAE731-5C63-4683-B96D-F98115298458}.Debug|Any CPU.ActiveCfg = Debug|Any CPU
		{1EEAE731-5C63-4683-B96D-F98115298458}.Debug|Any CPU.Build.0 = Debug|Any CPU
		{1EEAE731-5C63-4683-B96D-F98115298458}.Release|Any CPU.ActiveCfg = Release|Any CPU
		{1EEAE731-5C63-4683-B96D-F98115298458}.Release|Any CPU.Build.0 = Release|Any CPU
	EndGlobalSection
	GlobalSection(SolutionProperties) = preSolution
		HideSolutionNode = FALSE
	EndGlobalSection
	GlobalSection(ExtensibilityGlobals) = postSolution
		SolutionGuid = {547C566F-FF89-4718-9E66-A8209DF2D2F9}
	EndGlobalSection
EndGlobal
